<?xml version="1.0" encoding="utf-8"?>
<Project ToolsVersion="4.0" xmlns="http://schemas.microsoft.com/developer/msbuild/2003">
  <ItemGroup>
    <Filter Include="App">
      <UniqueIdentifier>{418dd7ca-dd74-4ed5-9ef5-ff6aa713e3fb}</UniqueIdentifier>
    </Filter>
    <Filter Include="Engine">
      <UniqueIdentifier>{09a231f3-bc81-45bf-a1d4-de95eda833b9}</UniqueIdentifier>
    </Filter>
    <Filter Include="Utility">
      <UniqueIdentifier>{b930f7c0-e674-4fe7-8e25-8497fb371850}</UniqueIdentifier>
    </Filter>
    <Filter Include="Engine\Buffer">
      <UniqueIdentifier>{1947c189-a835-4f5c-a9da-366d985d148f}</UniqueIdentifier>
    </Filter>
    <Filter Include="Engine\Shader">
      <UniqueIdentifier>{2c790de8-1974-4e07-b8c8-168b44943a5a}</UniqueIdentifier>
    </Filter>
  </ItemGroup>
  <ItemGroup>
    <ClCompile Include="main.cpp">
      <Filter>App</Filter>
    </ClCompile>
    <ClCompile Include="Window.cpp">
      <Filter>Engine</Filter>
    </ClCompile>
    <ClCompile Include="Timer.cpp">
      <Filter>Utility</Filter>
    </ClCompile>
    <ClCompile Include="App.cpp">
      <Filter>App</Filter>
    </ClCompile>
    <ClCompile Include="Renderer.cpp">
      <Filter>Engine</Filter>
    </ClCompile>
    <ClCompile Include="Device.cpp">
      <Filter>Engine</Filter>
    </ClCompile>
    <ClCompile Include="SwapChain.cpp">
      <Filter>Engine</Filter>
    </ClCompile>
    <ClCompile Include="ViewportManager.cpp">
      <Filter>Engine</Filter>
    </ClCompile>
    <ClCompile Include="Context.cpp" />
    <ClCompile Include="VertexBuffer.cpp">
      <Filter>Engine\Buffer</Filter>
    </ClCompile>
    <ClCompile Include="FrameBuffer.cpp">
      <Filter>Engine\Buffer</Filter>
    </ClCompile>
    <ClCompile Include="ShaderManager.cpp">
      <Filter>Engine\Shader</Filter>
    </ClCompile>
    <ClCompile Include="IndexBuffer.cpp">
      <Filter>Engine\Buffer</Filter>
    </ClCompile>
    <ClCompile Include="MatrixBuffer.cpp">
      <Filter>Engine\Buffer</Filter>
    </ClCompile>
  </ItemGroup>
  <ItemGroup>
    <ClInclude Include="Window.h">
      <Filter>Engine</Filter>
    </ClInclude>
    <ClInclude Include="Timer.h">
      <Filter>Utility</Filter>
    </ClInclude>
    <ClInclude Include="App.h">
      <Filter>App</Filter>
    </ClInclude>
    <ClInclude Include="Renderer.h">
      <Filter>Engine</Filter>
    </ClInclude>
    <ClInclude Include="resource.h" />
    <ClInclude Include="Vertex.h">
      <Filter>Engine</Filter>
    </ClInclude>
    <ClInclude Include="Device.h">
      <Filter>Engine</Filter>
    </ClInclude>
    <ClInclude Include="SwapChain.h">
      <Filter>Engine</Filter>
    </ClInclude>
    <ClInclude Include="ViewportManager.h">
      <Filter>Engine</Filter>
    </ClInclude>
    <ClInclude Include="Context.h" />
    <ClInclude Include="VertexBuffer.h">
      <Filter>Engine\Buffer</Filter>
    </ClInclude>
    <ClInclude Include="FrameBuffer.h">
      <Filter>Engine\Buffer</Filter>
    </ClInclude>
    <ClInclude Include="ShaderManager.h">
      <Filter>Engine\Shader</Filter>
    </ClInclude>
    <ClInclude Include="IndexBuffer.h">
      <Filter>Engine\Buffer</Filter>
    </ClInclude>
    <ClInclude Include="MatrixBuffer.h">
      <Filter>Engine\Buffer</Filter>
    </ClInclude>
  </ItemGroup>
  <ItemGroup>
    <ResourceCompile Include="DirectXGame.rc" />
  </ItemGroup>
  <ItemGroup>
    <FxCompile Include="VertexShader.hlsl">
      <Filter>Engine\Shader</Filter>
    </FxCompile>
    <FxCompile Include="PixelShader.hlsl">
      <Filter>Engine\Shader</Filter>
    </FxCompile>
  </ItemGroup>
  <ItemGroup>
    <None Include="ShaderCommon.hlsl">
      <Filter>Engine\Shader</Filter>
    </None>
  </ItemGroup>
</Project>